
Microsoft Visual Studio Solution File, Format Version 12.00
# Visual Studio Version 17
VisualStudioVersion = 17.2.32526.322
MinimumVisualStudioVersion = 10.0.40219.1
Project("{9A19103F-16F7-4668-BE54-9A1E7A4F7556}") = "mw2-fps-unlocker", "mw2-fps-unlocker.csproj", "{1691E1C0-C4BC-4B81-9A1C-70286869C92B}"
EndProject
Global
	GlobalSection(SolutionConfigurationPlatforms) = preSolution
		Debug|Any CPU = Debug|Any CPU
		Release|Any CPU = Release|Any CPU
	EndGlobalSection
	GlobalSection(ProjectConfigurationPlatforms) = postSolution
		{1691E1C0-C4BC-4B81-9A1C-70286869C92B}.Debug|Any CPU.ActiveCfg = Debug|Any CPU
		{1691E1C0-C4BC-4B81-9A1C-70286869C92B}.Debug|Any CPU.Build.0 = Debug|Any CPU
		{1691E1C0-C4BC-4B81-9A1C-70286869C92B}.Release|Any CPU.ActiveCfg = Release|Any CPU
		{1691E1C0-C4BC-4B81-9A1C-70286869C92B}.Release|Any CPU.Build.0 = Release|Any CPU
	EndGlobalSection
	GlobalSection(SolutionProperties) = preSolution
		HideSolutionNode = FALSE
	EndGlobalSection
	GlobalSection(ExtensibilityGlobals) = postSolution
		SolutionGuid = {5D91EA49-DF21-487C-9090-6EA7D11857C0}
	EndGlobalSection
EndGlobal
